
Microsoft Visual Studio Solution File, Format Version 11.00
# Visual Studio 2010
Project("{FAE04EC0-301F-11D3-BF4B-00C04F79EFBC}") = "NotePad", "NotePad\NotePad.csproj", "{3C923354-5F25-40A2-A4D9-436F36E95837}"
EndProject
Global
	GlobalSection(SolutionConfigurationPlatforms) = preSolution
		Debug|Any CPU = Debug|Any CPU
		Release|Any CPU = Release|Any CPU
	EndGlobalSection
	GlobalSection(ProjectConfigurationPlatforms) = postSolution
		{3C923354-5F25-40A2-A4D9-436F36E95837}.Debug|Any CPU.ActiveCfg = Debug|Any CPU
		{3C923354-5F25-40A2-A4D9-436F36E95837}.Debug|Any CPU.Build.0 = Debug|Any CPU
		{3C923354-5F25-40A2-A4D9-436F36E95837}.Release|Any CPU.ActiveCfg = Release|Any CPU
		{3C923354-5F25-40A2-A4D9-436F36E95837}.Release|Any CPU.Build.0 = Release|Any CPU
	EndGlobalSection
	GlobalSection(MonoDevelopProperties) = preSolution
		StartupItem = NotePad\NotePad.csproj
	EndGlobalSection
EndGlobal
